// !$*UTF8*$!
{
	archiveVersion = 1;
	classes = {
	};
	objectVersion = 50;
	objects = {

/* Begin PBXBuildFile section */
		A69188D226FB6A6400EB9B4E /* NotificationSideMenuViewController.swift in Sources */ = {isa = PBXBuildFile; fileRef = A69188D026FB6A6400EB9B4E /* NotificationSideMenuViewController.swift */; };
		A69188D326FB6A6400EB9B4E /* NotificationSideMenuViewController.xib in Resources */ = {isa = PBXBuildFile; fileRef = A69188D126FB6A6400EB9B4E /* NotificationSideMenuViewController.xib */; };
		A69188D626FDEA3600EB9B4E /* StreamViewController.swift in Sources */ = {isa = PBXBuildFile; fileRef = A69188D426FDEA3600EB9B4E /* StreamViewController.swift */; };
		A69188D726FDEA3600EB9B4E /* StreamViewController.xib in Resources */ = {isa = PBXBuildFile; fileRef = A69188D526FDEA3600EB9B4E /* StreamViewController.xib */; };
		A69188DA26FDEA4B00EB9B4E /* InstagramViewController.swift in Sources */ = {isa = PBXBuildFile; fileRef = A69188D826FDEA4B00EB9B4E /* InstagramViewController.swift */; };
		A69188DB26FDEA4B00EB9B4E /* InstagramViewController.xib in Resources */ = {isa = PBXBuildFile; fileRef = A69188D926FDEA4B00EB9B4E /* InstagramViewController.xib */; };
		A69188DE26FDEA6E00EB9B4E /* SongViewController.swift in Sources */ = {isa = PBXBuildFile; fileRef = A69188DC26FDEA6E00EB9B4E /* SongViewController.swift */; };
		A69188DF26FDEA6E00EB9B4E /* SongViewController.xib in Resources */ = {isa = PBXBuildFile; fileRef = A69188DD26FDEA6E00EB9B4E /* SongViewController.xib */; };
		A69188E226FDEA9C00EB9B4E /* VideoViewController.swift in Sources */ = {isa = PBXBuildFile; fileRef = A69188E026FDEA9C00EB9B4E /* VideoViewController.swift */; };
		A69188E326FDEA9C00EB9B4E /* VideoViewController.xib in Resources */ = {isa = PBXBuildFile; fileRef = A69188E126FDEA9C00EB9B4E /* VideoViewController.xib */; };
		A6B711A026F0F4E8004BF549 /* AppDelegate.swift in Sources */ = {isa = PBXBuildFile; fileRef = A6B7119F26F0F4E8004BF549 /* AppDelegate.swift */; };
		A6B711A226F0F4E8004BF549 /* SceneDelegate.swift in Sources */ = {isa = PBXBuildFile; fileRef = A6B711A126F0F4E8004BF549 /* SceneDelegate.swift */; };
		A6B711A926F0F4E8004BF549 /* Assets.xcassets in Resources */ = {isa = PBXBuildFile; fileRef = A6B711A826F0F4E8004BF549 /* Assets.xcassets */; };
		A6B711AC26F0F4E8004BF549 /* LaunchScreen.storyboard in Resources */ = {isa = PBXBuildFile; fileRef = A6B711AA26F0F4E8004BF549 /* LaunchScreen.storyboard */; };
		A6B711BD26F10A43004BF549 /* MenuViewController.swift in Sources */ = {isa = PBXBuildFile; fileRef = A6B711BB26F10A43004BF549 /* MenuViewController.swift */; };
		A6B711BE26F10A43004BF549 /* MenuViewController.xib in Resources */ = {isa = PBXBuildFile; fileRef = A6B711BC26F10A43004BF549 /* MenuViewController.xib */; };
		A6B711C126F10A64004BF549 /* HomeViewController.swift in Sources */ = {isa = PBXBuildFile; fileRef = A6B711BF26F10A64004BF549 /* HomeViewController.swift */; };
		A6B711C226F10A64004BF549 /* HomeViewController.xib in Resources */ = {isa = PBXBuildFile; fileRef = A6B711C026F10A64004BF549 /* HomeViewController.xib */; };
		A6C29BD426FA268E00B77143 /* ContainerViewController.swift in Sources */ = {isa = PBXBuildFile; fileRef = A6C29BD226FA268E00B77143 /* ContainerViewController.swift */; };
		A6C29BD526FA268E00B77143 /* ContainerViewController.xib in Resources */ = {isa = PBXBuildFile; fileRef = A6C29BD326FA268E00B77143 /* ContainerViewController.xib */; };
/* End PBXBuildFile section */

/* Begin PBXFileReference section */
		A69188D026FB6A6400EB9B4E /* NotificationSideMenuViewController.swift */ = {isa = PBXFileReference; lastKnownFileType = sourcecode.swift; path = NotificationSideMenuViewController.swift; sourceTree = "<group>"; };
		A69188D126FB6A6400EB9B4E /* NotificationSideMenuViewController.xib */ = {isa = PBXFileReference; lastKnownFileType = file.xib; path = NotificationSideMenuViewController.xib; sourceTree = "<group>"; };
		A69188D426FDEA3600EB9B4E /* StreamViewController.swift */ = {isa = PBXFileReference; lastKnownFileType = sourcecode.swift; path = StreamViewController.swift; sourceTree = "<group>"; };
		A69188D526FDEA3600EB9B4E /* StreamViewController.xib */ = {isa = PBXFileReference; lastKnownFileType = file.xib; path = StreamViewController.xib; sourceTree = "<group>"; };
		A69188D826FDEA4B00EB9B4E /* InstagramViewController.swift */ = {isa = PBXFileReference; lastKnownFileType = sourcecode.swift; path = InstagramViewController.swift; sourceTree = "<group>"; };
		A69188D926FDEA4B00EB9B4E /* InstagramViewController.xib */ = {isa = PBXFileReference; lastKnownFileType = file.xib; path = InstagramViewController.xib; sourceTree = "<group>"; };
		A69188DC26FDEA6E00EB9B4E /* SongViewController.swift */ = {isa = PBXFileReference; lastKnownFileType = sourcecode.swift; path = SongViewController.swift; sourceTree = "<group>"; };
		A69188DD26FDEA6E00EB9B4E /* SongViewController.xib */ = {isa = PBXFileReference; lastKnownFileType = file.xib; path = SongViewController.xib; sourceTree = "<group>"; };
		A69188E026FDEA9C00EB9B4E /* VideoViewController.swift */ = {isa = PBXFileReference; lastKnownFileType = sourcecode.swift; path = VideoViewController.swift; sourceTree = "<group>"; };
		A69188E126FDEA9C00EB9B4E /* VideoViewController.xib */ = {isa = PBXFileReference; lastKnownFileType = file.xib; path = VideoViewController.xib; sourceTree = "<group>"; };
		A6B7119C26F0F4E8004BF549 /* LocklearApp.app */ = {isa = PBXFileReference; explicitFileType = wrapper.application; includeInIndex = 0; path = LocklearApp.app; sourceTree = BUILT_PRODUCTS_DIR; };
		A6B7119F26F0F4E8004BF549 /* AppDelegate.swift */ = {isa = PBXFileReference; lastKnownFileType = sourcecode.swift; path = AppDelegate.swift; sourceTree = "<group>"; };
		A6B711A126F0F4E8004BF549 /* SceneDelegate.swift */ = {isa = PBXFileReference; lastKnownFileType = sourcecode.swift; path = SceneDelegate.swift; sourceTree = "<group>"; };
		A6B711A826F0F4E8004BF549 /* Assets.xcassets */ = {isa = PBXFileReference; lastKnownFileType = folder.assetcatalog; path = Assets.xcassets; sourceTree = "<group>"; };
		A6B711AB26F0F4E8004BF549 /* Base */ = {isa = PBXFileReference; lastKnownFileType = file.storyboard; name = Base; path = Base.lproj/LaunchScreen.storyboard; sourceTree = "<group>"; };
		A6B711AD26F0F4E8004BF549 /* Info.plist */ = {isa = PBXFileReference; lastKnownFileType = text.plist.xml; path = Info.plist; sourceTree = "<group>"; };
		A6B711BB26F10A43004BF549 /* MenuViewController.swift */ = {isa = PBXFileReference; lastKnownFileType = sourcecode.swift; path = MenuViewController.swift; sourceTree = "<group>"; };
		A6B711BC26F10A43004BF549 /* MenuViewController.xib */ = {isa = PBXFileReference; lastKnownFileType = file.xib; path = MenuViewController.xib; sourceTree = "<group>"; };
		A6B711BF26F10A64004BF549 /* HomeViewController.swift */ = {isa = PBXFileReference; lastKnownFileType = sourcecode.swift; path = HomeViewController.swift; sourceTree = "<group>"; };
		A6B711C026F10A64004BF549 /* HomeViewController.xib */ = {isa = PBXFileReference; lastKnownFileType = file.xib; path = HomeViewController.xib; sourceTree = "<group>"; };
		A6C29BD226FA268E00B77143 /* ContainerViewController.swift */ = {isa = PBXFileReference; lastKnownFileType = sourcecode.swift; path = ContainerViewController.swift; sourceTree = "<group>"; };
		A6C29BD326FA268E00B77143 /* ContainerViewController.xib */ = {isa = PBXFileReference; lastKnownFileType = file.xib; path = ContainerViewController.xib; sourceTree = "<group>"; };
/* End PBXFileReference section */

/* Begin PBXFrameworksBuildPhase section */
		A6B7119926F0F4E8004BF549 /* Frameworks */ = {
			isa = PBXFrameworksBuildPhase;
			buildActionMask = 2147483647;
			files = (
			);
			runOnlyForDeploymentPostprocessing = 0;
		};
/* End PBXFrameworksBuildPhase section */

/* Begin PBXGroup section */
		A6B7119326F0F4E8004BF549 = {
			isa = PBXGroup;
			children = (
				A6B7119E26F0F4E8004BF549 /* LocklearApp */,
				A6B7119D26F0F4E8004BF549 /* Products */,
			);
			sourceTree = "<group>";
		};
		A6B7119D26F0F4E8004BF549 /* Products */ = {
			isa = PBXGroup;
			children = (
				A6B7119C26F0F4E8004BF549 /* LocklearApp.app */,
			);
			name = Products;
			sourceTree = "<group>";
		};
		A6B7119E26F0F4E8004BF549 /* LocklearApp */ = {
			isa = PBXGroup;
			children = (
				A6B711B626F0F54B004BF549 /* Supporting files */,
				A6B711B526F0F534004BF549 /* Controller */,
				A6B711B426F0F52C004BF549 /* View */,
				A6B711B326F0F51C004BF549 /* Model */,
				A6B711AD26F0F4E8004BF549 /* Info.plist */,
			);
			path = LocklearApp;
			sourceTree = "<group>";
		};
		A6B711B326F0F51C004BF549 /* Model */ = {
			isa = PBXGroup;
			children = (
			);
			path = Model;
			sourceTree = "<group>";
		};
		A6B711B426F0F52C004BF549 /* View */ = {
			isa = PBXGroup;
			children = (
				A6C29BD326FA268E00B77143 /* ContainerViewController.xib */,
				A6B711BC26F10A43004BF549 /* MenuViewController.xib */,
				A6B711C026F10A64004BF549 /* HomeViewController.xib */,
				A69188D126FB6A6400EB9B4E /* NotificationSideMenuViewController.xib */,
				A69188D526FDEA3600EB9B4E /* StreamViewController.xib */,
				A69188D926FDEA4B00EB9B4E /* InstagramViewController.xib */,
				A69188DD26FDEA6E00EB9B4E /* SongViewController.xib */,
				A69188E126FDEA9C00EB9B4E /* VideoViewController.xib */,
				A6B711AA26F0F4E8004BF549 /* LaunchScreen.storyboard */,
			);
			path = View;
			sourceTree = "<group>";
		};
		A6B711B526F0F534004BF549 /* Controller */ = {
			isa = PBXGroup;
			children = (
				A6B711BF26F10A64004BF549 /* HomeViewController.swift */,
				A6B711BB26F10A43004BF549 /* MenuViewController.swift */,
				A6C29BD226FA268E00B77143 /* ContainerViewController.swift */,
				A69188D026FB6A6400EB9B4E /* NotificationSideMenuViewController.swift */,
				A69188D426FDEA3600EB9B4E /* StreamViewController.swift */,
				A69188D826FDEA4B00EB9B4E /* InstagramViewController.swift */,
				A69188DC26FDEA6E00EB9B4E /* SongViewController.swift */,
				A69188E026FDEA9C00EB9B4E /* VideoViewController.swift */,
			);
			path = Controller;
			sourceTree = "<group>";
		};
		A6B711B626F0F54B004BF549 /* Supporting files */ = {
			isa = PBXGroup;
			children = (
				A6B711A826F0F4E8004BF549 /* Assets.xcassets */,
				A6B7119F26F0F4E8004BF549 /* AppDelegate.swift */,
				A6B711A126F0F4E8004BF549 /* SceneDelegate.swift */,
			);
			path = "Supporting files";
			sourceTree = "<group>";
		};
/* End PBXGroup section */

/* Begin PBXNativeTarget section */
		A6B7119B26F0F4E8004BF549 /* LocklearApp */ = {
			isa = PBXNativeTarget;
			buildConfigurationList = A6B711B026F0F4E8004BF549 /* Build configuration list for PBXNativeTarget "LocklearApp" */;
			buildPhases = (
				A6B7119826F0F4E8004BF549 /* Sources */,
				A6B7119926F0F4E8004BF549 /* Frameworks */,
				A6B7119A26F0F4E8004BF549 /* Resources */,
			);
			buildRules = (
			);
			dependencies = (
			);
			name = LocklearApp;
			productName = LocklearApp;
			productReference = A6B7119C26F0F4E8004BF549 /* LocklearApp.app */;
			productType = "com.apple.product-type.application";
		};
/* End PBXNativeTarget section */

/* Begin PBXProject section */
		A6B7119426F0F4E8004BF549 /* Project object */ = {
			isa = PBXProject;
			attributes = {
				LastSwiftUpdateCheck = 1250;
				LastUpgradeCheck = 1250;
				TargetAttributes = {
					A6B7119B26F0F4E8004BF549 = {
						CreatedOnToolsVersion = 12.5.1;
					};
				};
			};
			buildConfigurationList = A6B7119726F0F4E8004BF549 /* Build configuration list for PBXProject "LocklearApp" */;
			compatibilityVersion = "Xcode 9.3";
			developmentRegion = en;
			hasScannedForEncodings = 0;
			knownRegions = (
				en,
				Base,
			);
			mainGroup = A6B7119326F0F4E8004BF549;
			productRefGroup = A6B7119D26F0F4E8004BF549 /* Products */;
			projectDirPath = "";
			projectRoot = "";
			targets = (
				A6B7119B26F0F4E8004BF549 /* LocklearApp */,
			);
		};
/* End PBXProject section */

/* Begin PBXResourcesBuildPhase section */
		A6B7119A26F0F4E8004BF549 /* Resources */ = {
			isa = PBXResourcesBuildPhase;
			buildActionMask = 2147483647;
			files = (
				A69188DF26FDEA6E00EB9B4E /* SongViewController.xib in Resources */,
				A6B711AC26F0F4E8004BF549 /* LaunchScreen.storyboard in Resources */,
				A69188DB26FDEA4B00EB9B4E /* InstagramViewController.xib in Resources */,
				A6B711A926F0F4E8004BF549 /* Assets.xcassets in Resources */,
				A6B711C226F10A64004BF549 /* HomeViewController.xib in Resources */,
				A69188D326FB6A6400EB9B4E /* NotificationSideMenuViewController.xib in Resources */,
				A69188D726FDEA3600EB9B4E /* StreamViewController.xib in Resources */,
				A6B711BE26F10A43004BF549 /* MenuViewController.xib in Resources */,
				A69188E326FDEA9C00EB9B4E /* VideoViewController.xib in Resources */,
				A6C29BD526FA268E00B77143 /* ContainerViewController.xib in Resources */,
			);
			runOnlyForDeploymentPostprocessing = 0;
		};
/* End PBXResourcesBuildPhase section */

/* Begin PBXSourcesBuildPhase section */
		A6B7119826F0F4E8004BF549 /* Sources */ = {
			isa = PBXSourcesBuildPhase;
			buildActionMask = 2147483647;
			files = (
				A6B711C126F10A64004BF549 /* HomeViewController.swift in Sources */,
				A6B711A026F0F4E8004BF549 /* AppDelegate.swift in Sources */,
				A6B711A226F0F4E8004BF549 /* SceneDelegate.swift in Sources */,
				A69188D226FB6A6400EB9B4E /* NotificationSideMenuViewController.swift in Sources */,
				A6C29BD426FA268E00B77143 /* ContainerViewController.swift in Sources */,
				A69188DA26FDEA4B00EB9B4E /* InstagramViewController.swift in Sources */,
				A69188DE26FDEA6E00EB9B4E /* SongViewController.swift in Sources */,
				A6B711BD26F10A43004BF549 /* MenuViewController.swift in Sources */,
				A69188E226FDEA9C00EB9B4E /* VideoViewController.swift in Sources */,
				A69188D626FDEA3600EB9B4E /* StreamViewController.swift in Sources */,
			);
			runOnlyForDeploymentPostprocessing = 0;
		};
/* End PBXSourcesBuildPhase section */

/* Begin PBXVariantGroup section */
		A6B711AA26F0F4E8004BF549 /* LaunchScreen.storyboard */ = {
			isa = PBXVariantGroup;
			children = (
				A6B711AB26F0F4E8004BF549 /* Base */,
			);
			name = LaunchScreen.storyboard;
			sourceTree = "<group>";
		};
/* End PBXVariantGroup section */

/* Begin XCBuildConfiguration section */
		A6B711AE26F0F4E8004BF549 /* Debug */ = {
			isa = XCBuildConfiguration;
			buildSettings = {
				ALWAYS_SEARCH_USER_PATHS = NO;
				CLANG_ANALYZER_NONNULL = YES;
				CLANG_ANALYZER_NUMBER_OBJECT_CONVERSION = YES_AGGRESSIVE;
				CLANG_CXX_LANGUAGE_STANDARD = "gnu++14";
				CLANG_CXX_LIBRARY = "libc++";
				CLANG_ENABLE_MODULES = YES;
				CLANG_ENABLE_OBJC_ARC = YES;
				CLANG_ENABLE_OBJC_WEAK = YES;
				CLANG_WARN_BLOCK_CAPTURE_AUTORELEASING = YES;
				CLANG_WARN_BOOL_CONVERSION = YES;
				CLANG_WARN_COMMA = YES;
				CLANG_WARN_CONSTANT_CONVERSION = YES;
				CLANG_WARN_DEPRECATED_OBJC_IMPLEMENTATIONS = YES;
				CLANG_WARN_DIRECT_OBJC_ISA_USAGE = YES_ERROR;
				CLANG_WARN_DOCUMENTATION_COMMENTS = YES;
				CLANG_WARN_EMPTY_BODY = YES;
				CLANG_WARN_ENUM_CONVERSION = YES;
				CLANG_WARN_INFINITE_RECURSION = YES;
				CLANG_WARN_INT_CONVERSION = YES;
				CLANG_WARN_NON_LITERAL_NULL_CONVERSION = YES;
				CLANG_WARN_OBJC_IMPLICIT_RETAIN_SELF = YES;
				CLANG_WARN_OBJC_LITERAL_CONVERSION = YES;
				CLANG_WARN_OBJC_ROOT_CLASS = YES_ERROR;
				CLANG_WARN_QUOTED_INCLUDE_IN_FRAMEWORK_HEADER = YES;
				CLANG_WARN_RANGE_LOOP_ANALYSIS = YES;
				CLANG_WARN_STRICT_PROTOTYPES = YES;
				CLANG_WARN_SUSPICIOUS_MOVE = YES;
				CLANG_WARN_UNGUARDED_AVAILABILITY = YES_AGGRESSIVE;
				CLANG_WARN_UNREACHABLE_CODE = YES;
				CLANG_WARN__DUPLICATE_METHOD_MATCH = YES;
				COPY_PHASE_STRIP = NO;
				DEBUG_INFORMATION_FORMAT = dwarf;
				ENABLE_STRICT_OBJC_MSGSEND = YES;
				ENABLE_TESTABILITY = YES;
				GCC_C_LANGUAGE_STANDARD = gnu11;
				GCC_DYNAMIC_NO_PIC = NO;
				GCC_NO_COMMON_BLOCKS = YES;
				GCC_OPTIMIZATION_LEVEL = 0;
				GCC_PREPROCESSOR_DEFINITIONS = (
					"DEBUG=1",
					"$(inherited)",
				);
				GCC_WARN_64_TO_32_BIT_CONVERSION = YES;
				GCC_WARN_ABOUT_RETURN_TYPE = YES_ERROR;
				GCC_WARN_UNDECLARED_SELECTOR = YES;
				GCC_WARN_UNINITIALIZED_AUTOS = YES_AGGRESSIVE;
				GCC_WARN_UNUSED_FUNCTION = YES;
				GCC_WARN_UNUSED_VARIABLE = YES;
				IPHONEOS_DEPLOYMENT_TARGET = 14.5;
				MTL_ENABLE_DEBUG_INFO = INCLUDE_SOURCE;
				MTL_FAST_MATH = YES;
				ONLY_ACTIVE_ARCH = YES;
				SDKROOT = iphoneos;
				SWIFT_ACTIVE_COMPILATION_CONDITIONS = DEBUG;
				SWIFT_OPTIMIZATION_LEVEL = "-Onone";
			};
			name = Debug;
		};
		A6B711AF26F0F4E8004BF549 /* Release */ = {
			isa = XCBuildConfiguration;
			buildSettings = {
				ALWAYS_SEARCH_USER_PATHS = NO;
				CLANG_ANALYZER_NONNULL = YES;
				CLANG_ANALYZER_NUMBER_OBJECT_CONVERSION = YES_AGGRESSIVE;
				CLANG_CXX_LANGUAGE_STANDARD = "gnu++14";
				CLANG_CXX_LIBRARY = "libc++";
				CLANG_ENABLE_MODULES = YES;
				CLANG_ENABLE_OBJC_ARC = YES;
				CLANG_ENABLE_OBJC_WEAK = YES;
				CLANG_WARN_BLOCK_CAPTURE_AUTORELEASING = YES;
				CLANG_WARN_BOOL_CONVERSION = YES;
				CLANG_WARN_COMMA = YES;
				CLANG_WARN_CONSTANT_CONVERSION = YES;
				CLANG_WARN_DEPRECATED_OBJC_IMPLEMENTATIONS = YES;
				CLANG_WARN_DIRECT_OBJC_ISA_USAGE = YES_ERROR;
				CLANG_WARN_DOCUMENTATION_COMMENTS = YES;
				CLANG_WARN_EMPTY_BODY = YES;
				CLANG_WARN_ENUM_CONVERSION = YES;
				CLANG_WARN_INFINITE_RECURSION = YES;
				CLANG_WARN_INT_CONVERSION = YES;
				CLANG_WARN_NON_LITERAL_NULL_CONVERSION = YES;
				CLANG_WARN_OBJC_IMPLICIT_RETAIN_SELF = YES;
				CLANG_WARN_OBJC_LITERAL_CONVERSION = YES;
				CLANG_WARN_OBJC_ROOT_CLASS = YES_ERROR;
				CLANG_WARN_QUOTED_INCLUDE_IN_FRAMEWORK_HEADER = YES;
				CLANG_WARN_RANGE_LOOP_ANALYSIS = YES;
				CLANG_WARN_STRICT_PROTOTYPES = YES;
				CLANG_WARN_SUSPICIOUS_MOVE = YES;
				CLANG_WARN_UNGUARDED_AVAILABILITY = YES_AGGRESSIVE;
				CLANG_WARN_UNREACHABLE_CODE = YES;
				CLANG_WARN__DUPLICATE_METHOD_MATCH = YES;
				COPY_PHASE_STRIP = NO;
				DEBUG_INFORMATION_FORMAT = "dwarf-with-dsym";
				ENABLE_NS_ASSERTIONS = NO;
				ENABLE_STRICT_OBJC_MSGSEND = YES;
				GCC_C_LANGUAGE_STANDARD = gnu11;
				GCC_NO_COMMON_BLOCKS = YES;
				GCC_WARN_64_TO_32_BIT_CONVERSION = YES;
				GCC_WARN_ABOUT_RETURN_TYPE = YES_ERROR;
				GCC_WARN_UNDECLARED_SELECTOR = YES;
				GCC_WARN_UNINITIALIZED_AUTOS = YES_AGGRESSIVE;
				GCC_WARN_UNUSED_FUNCTION = YES;
				GCC_WARN_UNUSED_VARIABLE = YES;
				IPHONEOS_DEPLOYMENT_TARGET = 14.5;
				MTL_ENABLE_DEBUG_INFO = NO;
				MTL_FAST_MATH = YES;
				SDKROOT = iphoneos;
				SWIFT_COMPILATION_MODE = wholemodule;
				SWIFT_OPTIMIZATION_LEVEL = "-O";
				VALIDATE_PRODUCT = YES;
			};
			name = Release;
		};
		A6B711B126F0F4E8004BF549 /* Debug */ = {
			isa = XCBuildConfiguration;
			buildSettings = {
				ASSETCATALOG_COMPILER_APPICON_NAME = AppIcon;
				ASSETCATALOG_COMPILER_GLOBAL_ACCENT_COLOR_NAME = AccentColor;
				CODE_SIGN_STYLE = Automatic;
				DEVELOPMENT_TEAM = T9TX49CS76;
				INFOPLIST_FILE = LocklearApp/Info.plist;
				LD_RUNPATH_SEARCH_PATHS = (
					"$(inherited)",
					"@executable_path/Frameworks",
				);
				PRODUCT_BUNDLE_IDENTIFIER = com.AdamMokhtar.LocklearApp;
				PRODUCT_NAME = "$(TARGET_NAME)";
				SWIFT_VERSION = 5.0;
				TARGETED_DEVICE_FAMILY = "1,2";
			};
			name = Debug;
		};
		A6B711B226F0F4E8004BF549 /* Release */ = {
			isa = XCBuildConfiguration;
			buildSettings = {
				ASSETCATALOG_COMPILER_APPICON_NAME = AppIcon;
				ASSETCATALOG_COMPILER_GLOBAL_ACCENT_COLOR_NAME = AccentColor;
				CODE_SIGN_STYLE = Automatic;
				DEVELOPMENT_TEAM = T9TX49CS76;
				INFOPLIST_FILE = LocklearApp/Info.plist;
				LD_RUNPATH_SEARCH_PATHS = (
					"$(inherited)",
					"@executable_path/Frameworks",
				);
				PRODUCT_BUNDLE_IDENTIFIER = com.AdamMokhtar.LocklearApp;
				PRODUCT_NAME = "$(TARGET_NAME)";
				SWIFT_VERSION = 5.0;
				TARGETED_DEVICE_FAMILY = "1,2";
			};
			name = Release;
		};
/* End XCBuildConfiguration section */

/* Begin XCConfigurationList section */
		A6B7119726F0F4E8004BF549 /* Build configuration list for PBXProject "LocklearApp" */ = {
			isa = XCConfigurationList;
			buildConfigurations = (
				A6B711AE26F0F4E8004BF549 /* Debug */,
				A6B711AF26F0F4E8004BF549 /* Release */,
			);
			defaultConfigurationIsVisible = 0;
			defaultConfigurationName = Release;
		};
		A6B711B026F0F4E8004BF549 /* Build configuration list for PBXNativeTarget "LocklearApp" */ = {
			isa = XCConfigurationList;
			buildConfigurations = (
				A6B711B126F0F4E8004BF549 /* Debug */,
				A6B711B226F0F4E8004BF549 /* Release */,
			);
			defaultConfigurationIsVisible = 0;
			defaultConfigurationName = Release;
		};
/* End XCConfigurationList section */
	};
	rootObject = A6B7119426F0F4E8004BF549 /* Project object */;
}
